// !$*UTF8*$!
{
	archiveVersion = 1;
	classes = {
	};
	objectVersion = 55;
	objects = {

/* Begin PBXBuildFile section */
		27D65C622874448D00D15244 /* SceneDelegate.swift in Sources */ = {isa = PBXBuildFile; fileRef = 27D65C612874448D00D15244 /* SceneDelegate.swift */; };
		27D65C692874448E00D15244 /* Assets.xcassets in Resources */ = {isa = PBXBuildFile; fileRef = 27D65C682874448E00D15244 /* Assets.xcassets */; };
		27D65C6C2874448E00D15244 /* LaunchScreen.storyboard in Resources */ = {isa = PBXBuildFile; fileRef = 27D65C6A2874448E00D15244 /* LaunchScreen.storyboard */; };
		27D65C75287444DB00D15244 /* View.swift in Sources */ = {isa = PBXBuildFile; fileRef = 27D65C74287444DB00D15244 /* View.swift */; };
		27D65C77287444E500D15244 /* Interector.swift in Sources */ = {isa = PBXBuildFile; fileRef = 27D65C76287444E500D15244 /* Interector.swift */; };
		27D65C79287444EC00D15244 /* Presenter.swift in Sources */ = {isa = PBXBuildFile; fileRef = 27D65C78287444EC00D15244 /* Presenter.swift */; };
		27D65C7B287444FA00D15244 /* Entity.swift in Sources */ = {isa = PBXBuildFile; fileRef = 27D65C7A287444FA00D15244 /* Entity.swift */; };
		27D65C7D2874450500D15244 /* Router.swift in Sources */ = {isa = PBXBuildFile; fileRef = 27D65C7C2874450500D15244 /* Router.swift */; };
		27D65C82287448A100D15244 /* ViewFunctions.swift in Sources */ = {isa = PBXBuildFile; fileRef = 27D65C81287448A100D15244 /* ViewFunctions.swift */; };
		27D65C8628744BA900D15244 /* AppDelegate.swift in Sources */ = {isa = PBXBuildFile; fileRef = 27D65C8528744BA900D15244 /* AppDelegate.swift */; };
/* End PBXBuildFile section */

/* Begin PBXFileReference section */
		27D65C5C2874448D00D15244 /* Viper.app */ = {isa = PBXFileReference; explicitFileType = wrapper.application; includeInIndex = 0; path = Viper.app; sourceTree = BUILT_PRODUCTS_DIR; };
		27D65C612874448D00D15244 /* SceneDelegate.swift */ = {isa = PBXFileReference; lastKnownFileType = sourcecode.swift; path = SceneDelegate.swift; sourceTree = "<group>"; };
		27D65C682874448E00D15244 /* Assets.xcassets */ = {isa = PBXFileReference; lastKnownFileType = folder.assetcatalog; path = Assets.xcassets; sourceTree = "<group>"; };
		27D65C6B2874448E00D15244 /* Base */ = {isa = PBXFileReference; lastKnownFileType = file.storyboard; name = Base; path = Base.lproj/LaunchScreen.storyboard; sourceTree = "<group>"; };
		27D65C6D2874448E00D15244 /* Info.plist */ = {isa = PBXFileReference; lastKnownFileType = text.plist.xml; path = Info.plist; sourceTree = "<group>"; };
		27D65C74287444DB00D15244 /* View.swift */ = {isa = PBXFileReference; lastKnownFileType = sourcecode.swift; path = View.swift; sourceTree = "<group>"; };
		27D65C76287444E500D15244 /* Interector.swift */ = {isa = PBXFileReference; lastKnownFileType = sourcecode.swift; path = Interector.swift; sourceTree = "<group>"; };
		27D65C78287444EC00D15244 /* Presenter.swift */ = {isa = PBXFileReference; lastKnownFileType = sourcecode.swift; path = Presenter.swift; sourceTree = "<group>"; };
		27D65C7A287444FA00D15244 /* Entity.swift */ = {isa = PBXFileReference; lastKnownFileType = sourcecode.swift; path = Entity.swift; sourceTree = "<group>"; };
		27D65C7C2874450500D15244 /* Router.swift */ = {isa = PBXFileReference; lastKnownFileType = sourcecode.swift; path = Router.swift; sourceTree = "<group>"; };
		27D65C81287448A100D15244 /* ViewFunctions.swift */ = {isa = PBXFileReference; lastKnownFileType = sourcecode.swift; path = ViewFunctions.swift; sourceTree = "<group>"; };
		27D65C8528744BA900D15244 /* AppDelegate.swift */ = {isa = PBXFileReference; lastKnownFileType = sourcecode.swift; path = AppDelegate.swift; sourceTree = "<group>"; };
/* End PBXFileReference section */

/* Begin PBXFrameworksBuildPhase section */
		27D65C592874448D00D15244 /* Frameworks */ = {
			isa = PBXFrameworksBuildPhase;
			buildActionMask = 2147483647;
			files = (
			);
			runOnlyForDeploymentPostprocessing = 0;
		};
/* End PBXFrameworksBuildPhase section */

/* Begin PBXGroup section */
		27D65C532874448D00D15244 = {
			isa = PBXGroup;
			children = (
				27D65C5E2874448D00D15244 /* Viper */,
				27D65C5D2874448D00D15244 /* Products */,
			);
			sourceTree = "<group>";
		};
		27D65C5D2874448D00D15244 /* Products */ = {
			isa = PBXGroup;
			children = (
				27D65C5C2874448D00D15244 /* Viper.app */,
			);
			name = Products;
			sourceTree = "<group>";
		};
		27D65C5E2874448D00D15244 /* Viper */ = {
			isa = PBXGroup;
			children = (
				27D65C73287444CE00D15244 /* Viper */,
				27D65C802874488A00D15244 /* Utils */,
				27D65C612874448D00D15244 /* SceneDelegate.swift */,
				27D65C8528744BA900D15244 /* AppDelegate.swift */,
				27D65C7F2874488000D15244 /* Files */,
			);
			path = Viper;
			sourceTree = "<group>";
		};
		27D65C73287444CE00D15244 /* Viper */ = {
			isa = PBXGroup;
			children = (
				27D65C74287444DB00D15244 /* View.swift */,
				27D65C76287444E500D15244 /* Interector.swift */,
				27D65C78287444EC00D15244 /* Presenter.swift */,
				27D65C7A287444FA00D15244 /* Entity.swift */,
				27D65C7C2874450500D15244 /* Router.swift */,
			);
			path = Viper;
			sourceTree = "<group>";
		};
		27D65C7F2874488000D15244 /* Files */ = {
			isa = PBXGroup;
			children = (
				27D65C682874448E00D15244 /* Assets.xcassets */,
				27D65C6A2874448E00D15244 /* LaunchScreen.storyboard */,
				27D65C6D2874448E00D15244 /* Info.plist */,
			);
			name = Files;
			sourceTree = "<group>";
		};
		27D65C802874488A00D15244 /* Utils */ = {
			isa = PBXGroup;
			children = (
				27D65C81287448A100D15244 /* ViewFunctions.swift */,
			);
			path = Utils;
			sourceTree = "<group>";
		};
/* End PBXGroup section */

/* Begin PBXNativeTarget section */
		27D65C5B2874448D00D15244 /* Viper */ = {
			isa = PBXNativeTarget;
			buildConfigurationList = 27D65C702874448E00D15244 /* Build configuration list for PBXNativeTarget "Viper" */;
			buildPhases = (
				27D65C582874448D00D15244 /* Sources */,
				27D65C592874448D00D15244 /* Frameworks */,
				27D65C5A2874448D00D15244 /* Resources */,
			);
			buildRules = (
			);
			dependencies = (
			);
			name = Viper;
			productName = Viper;
			productReference = 27D65C5C2874448D00D15244 /* Viper.app */;
			productType = "com.apple.product-type.application";
		};
/* End PBXNativeTarget section */

/* Begin PBXProject section */
		27D65C542874448D00D15244 /* Project object */ = {
			isa = PBXProject;
			attributes = {
				BuildIndependentTargetsInParallel = 1;
				LastSwiftUpdateCheck = 1340;
				LastUpgradeCheck = 1340;
				TargetAttributes = {
					27D65C5B2874448D00D15244 = {
						CreatedOnToolsVersion = 13.4.1;
					};
				};
			};
			buildConfigurationList = 27D65C572874448D00D15244 /* Build configuration list for PBXProject "Viper" */;
			compatibilityVersion = "Xcode 13.0";
			developmentRegion = en;
			hasScannedForEncodings = 0;
			knownRegions = (
				en,
				Base,
			);
			mainGroup = 27D65C532874448D00D15244;
			productRefGroup = 27D65C5D2874448D00D15244 /* Products */;
			projectDirPath = "";
			projectRoot = "";
			targets = (
				27D65C5B2874448D00D15244 /* Viper */,
			);
		};
/* End PBXProject section */

/* Begin PBXResourcesBuildPhase section */
		27D65C5A2874448D00D15244 /* Resources */ = {
			isa = PBXResourcesBuildPhase;
			buildActionMask = 2147483647;
			files = (
				27D65C6C2874448E00D15244 /* LaunchScreen.storyboard in Resources */,
				27D65C692874448E00D15244 /* Assets.xcassets in Resources */,
			);
			runOnlyForDeploymentPostprocessing = 0;
		};
/* End PBXResourcesBuildPhase section */

/* Begin PBXSourcesBuildPhase section */
		27D65C582874448D00D15244 /* Sources */ = {
			isa = PBXSourcesBuildPhase;
			buildActionMask = 2147483647;
			files = (
				27D65C7D2874450500D15244 /* Router.swift in Sources */,
				27D65C79287444EC00D15244 /* Presenter.swift in Sources */,
				27D65C8628744BA900D15244 /* AppDelegate.swift in Sources */,
				27D65C82287448A100D15244 /* ViewFunctions.swift in Sources */,
				27D65C75287444DB00D15244 /* View.swift in Sources */,
				27D65C7B287444FA00D15244 /* Entity.swift in Sources */,
				27D65C622874448D00D15244 /* SceneDelegate.swift in Sources */,
				27D65C77287444E500D15244 /* Interector.swift in Sources */,
			);
			runOnlyForDeploymentPostprocessing = 0;
		};
/* End PBXSourcesBuildPhase section */

/* Begin PBXVariantGroup section */
		27D65C6A2874448E00D15244 /* LaunchScreen.storyboard */ = {
			isa = PBXVariantGroup;
			children = (
				27D65C6B2874448E00D15244 /* Base */,
			);
			name = LaunchScreen.storyboard;
			sourceTree = "<group>";
		};
/* End PBXVariantGroup section */

/* Begin XCBuildConfiguration section */
		27D65C6E2874448E00D15244 /* Debug */ = {
			isa = XCBuildConfiguration;
			buildSettings = {
				ALWAYS_SEARCH_USER_PATHS = NO;
				CLANG_ANALYZER_NONNULL = YES;
				CLANG_ANALYZER_NUMBER_OBJECT_CONVERSION = YES_AGGRESSIVE;
				CLANG_CXX_LANGUAGE_STANDARD = "gnu++17";
				CLANG_ENABLE_MODULES = YES;
				CLANG_ENABLE_OBJC_ARC = YES;
				CLANG_ENABLE_OBJC_WEAK = YES;
				CLANG_WARN_BLOCK_CAPTURE_AUTORELEASING = YES;
				CLANG_WARN_BOOL_CONVERSION = YES;
				CLANG_WARN_COMMA = YES;
				CLANG_WARN_CONSTANT_CONVERSION = YES;
				CLANG_WARN_DEPRECATED_OBJC_IMPLEMENTATIONS = YES;
				CLANG_WARN_DIRECT_OBJC_ISA_USAGE = YES_ERROR;
				CLANG_WARN_DOCUMENTATION_COMMENTS = YES;
				CLANG_WARN_EMPTY_BODY = YES;
				CLANG_WARN_ENUM_CONVERSION = YES;
				CLANG_WARN_INFINITE_RECURSION = YES;
				CLANG_WARN_INT_CONVERSION = YES;
				CLANG_WARN_NON_LITERAL_NULL_CONVERSION = YES;
				CLANG_WARN_OBJC_IMPLICIT_RETAIN_SELF = YES;
				CLANG_WARN_OBJC_LITERAL_CONVERSION = YES;
				CLANG_WARN_OBJC_ROOT_CLASS = YES_ERROR;
				CLANG_WARN_QUOTED_INCLUDE_IN_FRAMEWORK_HEADER = YES;
				CLANG_WARN_RANGE_LOOP_ANALYSIS = YES;
				CLANG_WARN_STRICT_PROTOTYPES = YES;
				CLANG_WARN_SUSPICIOUS_MOVE = YES;
				CLANG_WARN_UNGUARDED_AVAILABILITY = YES_AGGRESSIVE;
				CLANG_WARN_UNREACHABLE_CODE = YES;
				CLANG_WARN__DUPLICATE_METHOD_MATCH = YES;
				COPY_PHASE_STRIP = NO;
				DEBUG_INFORMATION_FORMAT = dwarf;
				ENABLE_STRICT_OBJC_MSGSEND = YES;
				ENABLE_TESTABILITY = YES;
				GCC_C_LANGUAGE_STANDARD = gnu11;
				GCC_DYNAMIC_NO_PIC = NO;
				GCC_NO_COMMON_BLOCKS = YES;
				GCC_OPTIMIZATION_LEVEL = 0;
				GCC_PREPROCESSOR_DEFINITIONS = (
					"DEBUG=1",
					"$(inherited)",
				);
				GCC_WARN_64_TO_32_BIT_CONVERSION = YES;
				GCC_WARN_ABOUT_RETURN_TYPE = YES_ERROR;
				GCC_WARN_UNDECLARED_SELECTOR = YES;
				GCC_WARN_UNINITIALIZED_AUTOS = YES_AGGRESSIVE;
				GCC_WARN_UNUSED_FUNCTION = YES;
				GCC_WARN_UNUSED_VARIABLE = YES;
				IPHONEOS_DEPLOYMENT_TARGET = 15.5;
				MTL_ENABLE_DEBUG_INFO = INCLUDE_SOURCE;
				MTL_FAST_MATH = YES;
				ONLY_ACTIVE_ARCH = YES;
				SDKROOT = iphoneos;
				SWIFT_ACTIVE_COMPILATION_CONDITIONS = DEBUG;
				SWIFT_OPTIMIZATION_LEVEL = "-Onone";
			};
			name = Debug;
		};
		27D65C6F2874448E00D15244 /* Release */ = {
			isa = XCBuildConfiguration;
			buildSettings = {
				ALWAYS_SEARCH_USER_PATHS = NO;
				CLANG_ANALYZER_NONNULL = YES;
				CLANG_ANALYZER_NUMBER_OBJECT_CONVERSION = YES_AGGRESSIVE;
				CLANG_CXX_LANGUAGE_STANDARD = "gnu++17";
				CLANG_ENABLE_MODULES = YES;
				CLANG_ENABLE_OBJC_ARC = YES;
				CLANG_ENABLE_OBJC_WEAK = YES;
				CLANG_WARN_BLOCK_CAPTURE_AUTORELEASING = YES;
				CLANG_WARN_BOOL_CONVERSION = YES;
				CLANG_WARN_COMMA = YES;
				CLANG_WARN_CONSTANT_CONVERSION = YES;
				CLANG_WARN_DEPRECATED_OBJC_IMPLEMENTATIONS = YES;
				CLANG_WARN_DIRECT_OBJC_ISA_USAGE = YES_ERROR;
				CLANG_WARN_DOCUMENTATION_COMMENTS = YES;
				CLANG_WARN_EMPTY_BODY = YES;
				CLANG_WARN_ENUM_CONVERSION = YES;
				CLANG_WARN_INFINITE_RECURSION = YES;
				CLANG_WARN_INT_CONVERSION = YES;
				CLANG_WARN_NON_LITERAL_NULL_CONVERSION = YES;
				CLANG_WARN_OBJC_IMPLICIT_RETAIN_SELF = YES;
				CLANG_WARN_OBJC_LITERAL_CONVERSION = YES;
				CLANG_WARN_OBJC_ROOT_CLASS = YES_ERROR;
				CLANG_WARN_QUOTED_INCLUDE_IN_FRAMEWORK_HEADER = YES;
				CLANG_WARN_RANGE_LOOP_ANALYSIS = YES;
				CLANG_WARN_STRICT_PROTOTYPES = YES;
				CLANG_WARN_SUSPICIOUS_MOVE = YES;
				CLANG_WARN_UNGUARDED_AVAILABILITY = YES_AGGRESSIVE;
				CLANG_WARN_UNREACHABLE_CODE = YES;
				CLANG_WARN__DUPLICATE_METHOD_MATCH = YES;
				COPY_PHASE_STRIP = NO;
				DEBUG_INFORMATION_FORMAT = "dwarf-with-dsym";
				ENABLE_NS_ASSERTIONS = NO;
				ENABLE_STRICT_OBJC_MSGSEND = YES;
				GCC_C_LANGUAGE_STANDARD = gnu11;
				GCC_NO_COMMON_BLOCKS = YES;
				GCC_WARN_64_TO_32_BIT_CONVERSION = YES;
				GCC_WARN_ABOUT_RETURN_TYPE = YES_ERROR;
				GCC_WARN_UNDECLARED_SELECTOR = YES;
				GCC_WARN_UNINITIALIZED_AUTOS = YES_AGGRESSIVE;
				GCC_WARN_UNUSED_FUNCTION = YES;
				GCC_WARN_UNUSED_VARIABLE = YES;
				IPHONEOS_DEPLOYMENT_TARGET = 15.5;
				MTL_ENABLE_DEBUG_INFO = NO;
				MTL_FAST_MATH = YES;
				SDKROOT = iphoneos;
				SWIFT_COMPILATION_MODE = wholemodule;
				SWIFT_OPTIMIZATION_LEVEL = "-O";
				VALIDATE_PRODUCT = YES;
			};
			name = Release;
		};
		27D65C712874448E00D15244 /* Debug */ = {
			isa = XCBuildConfiguration;
			buildSettings = {
				ASSETCATALOG_COMPILER_APPICON_NAME = AppIcon;
				ASSETCATALOG_COMPILER_GLOBAL_ACCENT_COLOR_NAME = AccentColor;
				CODE_SIGN_STYLE = Automatic;
				CURRENT_PROJECT_VERSION = 1;
				DEVELOPMENT_TEAM = 56293NUR34;
				GENERATE_INFOPLIST_FILE = YES;
				INFOPLIST_FILE = Viper/Info.plist;
				INFOPLIST_KEY_UIApplicationSupportsIndirectInputEvents = YES;
				INFOPLIST_KEY_UILaunchStoryboardName = LaunchScreen;
				INFOPLIST_KEY_UISupportedInterfaceOrientations_iPad = "UIInterfaceOrientationPortrait UIInterfaceOrientationPortraitUpsideDown UIInterfaceOrientationLandscapeLeft UIInterfaceOrientationLandscapeRight";
				INFOPLIST_KEY_UISupportedInterfaceOrientations_iPhone = "UIInterfaceOrientationPortrait UIInterfaceOrientationLandscapeLeft UIInterfaceOrientationLandscapeRight";
				LD_RUNPATH_SEARCH_PATHS = (
					"$(inherited)",
					"@executable_path/Frameworks",
				);
				MARKETING_VERSION = 1.0;
				PRODUCT_BUNDLE_IDENTIFIER = rafaelo.oliveira.Viper;
				PRODUCT_NAME = "$(TARGET_NAME)";
				SWIFT_EMIT_LOC_STRINGS = YES;
				SWIFT_VERSION = 5.0;
				TARGETED_DEVICE_FAMILY = "1,2";
			};
			name = Debug;
		};
		27D65C722874448E00D15244 /* Release */ = {
			isa = XCBuildConfiguration;
			buildSettings = {
				ASSETCATALOG_COMPILER_APPICON_NAME = AppIcon;
				ASSETCATALOG_COMPILER_GLOBAL_ACCENT_COLOR_NAME = AccentColor;
				CODE_SIGN_STYLE = Automatic;
				CURRENT_PROJECT_VERSION = 1;
				DEVELOPMENT_TEAM = 56293NUR34;
				GENERATE_INFOPLIST_FILE = YES;
				INFOPLIST_FILE = Viper/Info.plist;
				INFOPLIST_KEY_UIApplicationSupportsIndirectInputEvents = YES;
				INFOPLIST_KEY_UILaunchStoryboardName = LaunchScreen;
				INFOPLIST_KEY_UISupportedInterfaceOrientations_iPad = "UIInterfaceOrientationPortrait UIInterfaceOrientationPortraitUpsideDown UIInterfaceOrientationLandscapeLeft UIInterfaceOrientationLandscapeRight";
				INFOPLIST_KEY_UISupportedInterfaceOrientations_iPhone = "UIInterfaceOrientationPortrait UIInterfaceOrientationLandscapeLeft UIInterfaceOrientationLandscapeRight";
				LD_RUNPATH_SEARCH_PATHS = (
					"$(inherited)",
					"@executable_path/Frameworks",
				);
				MARKETING_VERSION = 1.0;
				PRODUCT_BUNDLE_IDENTIFIER = rafaelo.oliveira.Viper;
				PRODUCT_NAME = "$(TARGET_NAME)";
				SWIFT_EMIT_LOC_STRINGS = YES;
				SWIFT_VERSION = 5.0;
				TARGETED_DEVICE_FAMILY = "1,2";
			};
			name = Release;
		};
/* End XCBuildConfiguration section */

/* Begin XCConfigurationList section */
		27D65C572874448D00D15244 /* Build configuration list for PBXProject "Viper" */ = {
			isa = XCConfigurationList;
			buildConfigurations = (
				27D65C6E2874448E00D15244 /* Debug */,
				27D65C6F2874448E00D15244 /* Release */,
			);
			defaultConfigurationIsVisible = 0;
			defaultConfigurationName = Release;
		};
		27D65C702874448E00D15244 /* Build configuration list for PBXNativeTarget "Viper" */ = {
			isa = XCConfigurationList;
			buildConfigurations = (
				27D65C712874448E00D15244 /* Debug */,
				27D65C722874448E00D15244 /* Release */,
			);
			defaultConfigurationIsVisible = 0;
			defaultConfigurationName = Release;
		};
/* End XCConfigurationList section */
	};
	rootObject = 27D65C542874448D00D15244 /* Project object */;
}
